// !$*UTF8*$!
{
	archiveVersion = 1;
	classes = {
	};
	objectVersion = 56;
	objects = {

/* Begin PBXBuildFile section */
		A0CFC6042B64E84D002A57E0 /* WebServiceManager.swift in Sources */ = {isa = PBXBuildFile; fileRef = A0CFC6032B64E84D002A57E0 /* WebServiceManager.swift */; };
		A0CFC6082B6523C7002A57E0 /* TalalatiLista.swift in Sources */ = {isa = PBXBuildFile; fileRef = A0CFC6072B6523C7002A57E0 /* TalalatiLista.swift */; };
		A0CFC60C2B653402002A57E0 /* datumAtalakitva.swift in Sources */ = {isa = PBXBuildFile; fileRef = A0CFC60B2B653402002A57E0 /* datumAtalakitva.swift */; };
		A0CFC60E2B654820002A57E0 /* OwnerAvatar.swift in Sources */ = {isa = PBXBuildFile; fileRef = A0CFC60D2B654820002A57E0 /* OwnerAvatar.swift */; };
		A0CFC6102B6548C7002A57E0 /* Description.swift in Sources */ = {isa = PBXBuildFile; fileRef = A0CFC60F2B6548C7002A57E0 /* Description.swift */; };
		A0CFC6122B65493C002A57E0 /* DatumCsillagFork.swift in Sources */ = {isa = PBXBuildFile; fileRef = A0CFC6112B65493C002A57E0 /* DatumCsillagFork.swift */; };
		A0D580742B64063700CE80AE /* GitHubSearchAppInSwiftUIApp.swift in Sources */ = {isa = PBXBuildFile; fileRef = A0D580732B64063700CE80AE /* GitHubSearchAppInSwiftUIApp.swift */; };
		A0D580762B64063700CE80AE /* KeresesView.swift in Sources */ = {isa = PBXBuildFile; fileRef = A0D580752B64063700CE80AE /* KeresesView.swift */; };
		A0D580782B64063C00CE80AE /* Assets.xcassets in Resources */ = {isa = PBXBuildFile; fileRef = A0D580772B64063C00CE80AE /* Assets.xcassets */; };
		A0D5807B2B64063C00CE80AE /* Preview Assets.xcassets in Resources */ = {isa = PBXBuildFile; fileRef = A0D5807A2B64063C00CE80AE /* Preview Assets.xcassets */; };
		A0D580872B640FB100CE80AE /* KeresesViewModel.swift in Sources */ = {isa = PBXBuildFile; fileRef = A0D580862B640FB100CE80AE /* KeresesViewModel.swift */; };
		A0D580892B640FC900CE80AE /* ReszletezesViewModel.swift in Sources */ = {isa = PBXBuildFile; fileRef = A0D580882B640FC900CE80AE /* ReszletezesViewModel.swift */; };
		A0D5808B2B64237500CE80AE /* ReszletezesView.swift in Sources */ = {isa = PBXBuildFile; fileRef = A0D5808A2B64237500CE80AE /* ReszletezesView.swift */; };
		A0D5808F2B6434F400CE80AE /* ListaElemView.swift in Sources */ = {isa = PBXBuildFile; fileRef = A0D5808E2B6434F400CE80AE /* ListaElemView.swift */; };
		A0D580912B6435A000CE80AE /* KeresoMezo.swift in Sources */ = {isa = PBXBuildFile; fileRef = A0D580902B6435A000CE80AE /* KeresoMezo.swift */; };
		A0D580932B643AD600CE80AE /* Model.swift in Sources */ = {isa = PBXBuildFile; fileRef = A0D580922B643AD600CE80AE /* Model.swift */; };
/* End PBXBuildFile section */

/* Begin PBXFileReference section */
		A0CFC6032B64E84D002A57E0 /* WebServiceManager.swift */ = {isa = PBXFileReference; lastKnownFileType = sourcecode.swift; path = WebServiceManager.swift; sourceTree = "<group>"; };
		A0CFC6072B6523C7002A57E0 /* TalalatiLista.swift */ = {isa = PBXFileReference; lastKnownFileType = sourcecode.swift; path = TalalatiLista.swift; sourceTree = "<group>"; };
		A0CFC60B2B653402002A57E0 /* datumAtalakitva.swift */ = {isa = PBXFileReference; lastKnownFileType = sourcecode.swift; path = datumAtalakitva.swift; sourceTree = "<group>"; };
		A0CFC60D2B654820002A57E0 /* OwnerAvatar.swift */ = {isa = PBXFileReference; lastKnownFileType = sourcecode.swift; path = OwnerAvatar.swift; sourceTree = "<group>"; };
		A0CFC60F2B6548C7002A57E0 /* Description.swift */ = {isa = PBXFileReference; lastKnownFileType = sourcecode.swift; path = Description.swift; sourceTree = "<group>"; };
		A0CFC6112B65493C002A57E0 /* DatumCsillagFork.swift */ = {isa = PBXFileReference; lastKnownFileType = sourcecode.swift; path = DatumCsillagFork.swift; sourceTree = "<group>"; };
		A0D580702B64063700CE80AE /* GitHubSearchAppInSwiftUI.app */ = {isa = PBXFileReference; explicitFileType = wrapper.application; includeInIndex = 0; path = GitHubSearchAppInSwiftUI.app; sourceTree = BUILT_PRODUCTS_DIR; };
		A0D580732B64063700CE80AE /* GitHubSearchAppInSwiftUIApp.swift */ = {isa = PBXFileReference; lastKnownFileType = sourcecode.swift; path = GitHubSearchAppInSwiftUIApp.swift; sourceTree = "<group>"; };
		A0D580752B64063700CE80AE /* KeresesView.swift */ = {isa = PBXFileReference; lastKnownFileType = sourcecode.swift; path = KeresesView.swift; sourceTree = "<group>"; };
		A0D580772B64063C00CE80AE /* Assets.xcassets */ = {isa = PBXFileReference; lastKnownFileType = folder.assetcatalog; path = Assets.xcassets; sourceTree = "<group>"; };
		A0D5807A2B64063C00CE80AE /* Preview Assets.xcassets */ = {isa = PBXFileReference; lastKnownFileType = folder.assetcatalog; path = "Preview Assets.xcassets"; sourceTree = "<group>"; };
		A0D580862B640FB100CE80AE /* KeresesViewModel.swift */ = {isa = PBXFileReference; lastKnownFileType = sourcecode.swift; path = KeresesViewModel.swift; sourceTree = "<group>"; };
		A0D580882B640FC900CE80AE /* ReszletezesViewModel.swift */ = {isa = PBXFileReference; lastKnownFileType = sourcecode.swift; path = ReszletezesViewModel.swift; sourceTree = "<group>"; };
		A0D5808A2B64237500CE80AE /* ReszletezesView.swift */ = {isa = PBXFileReference; lastKnownFileType = sourcecode.swift; path = ReszletezesView.swift; sourceTree = "<group>"; };
		A0D5808E2B6434F400CE80AE /* ListaElemView.swift */ = {isa = PBXFileReference; lastKnownFileType = sourcecode.swift; path = ListaElemView.swift; sourceTree = "<group>"; };
		A0D580902B6435A000CE80AE /* KeresoMezo.swift */ = {isa = PBXFileReference; lastKnownFileType = sourcecode.swift; path = KeresoMezo.swift; sourceTree = "<group>"; };
		A0D580922B643AD600CE80AE /* Model.swift */ = {isa = PBXFileReference; lastKnownFileType = sourcecode.swift; path = Model.swift; sourceTree = "<group>"; };
/* End PBXFileReference section */

/* Begin PBXFrameworksBuildPhase section */
		A0D5806D2B64063700CE80AE /* Frameworks */ = {
			isa = PBXFrameworksBuildPhase;
			buildActionMask = 2147483647;
			files = (
			);
			runOnlyForDeploymentPostprocessing = 0;
		};
/* End PBXFrameworksBuildPhase section */

/* Begin PBXGroup section */
		A0CFC6022B64E82E002A57E0 /* Services */ = {
			isa = PBXGroup;
			children = (
				A0CFC6032B64E84D002A57E0 /* WebServiceManager.swift */,
				A0CFC60B2B653402002A57E0 /* datumAtalakitva.swift */,
			);
			path = Services;
			sourceTree = "<group>";
		};
		A0D580672B64063700CE80AE = {
			isa = PBXGroup;
			children = (
				A0D580722B64063700CE80AE /* GitHubSearchAppInSwiftUI */,
				A0D580712B64063700CE80AE /* Products */,
			);
			sourceTree = "<group>";
		};
		A0D580712B64063700CE80AE /* Products */ = {
			isa = PBXGroup;
			children = (
				A0D580702B64063700CE80AE /* GitHubSearchAppInSwiftUI.app */,
			);
			name = Products;
			sourceTree = "<group>";
		};
		A0D580722B64063700CE80AE /* GitHubSearchAppInSwiftUI */ = {
			isa = PBXGroup;
			children = (
				A0CFC6022B64E82E002A57E0 /* Services */,
				A0D580842B64089500CE80AE /* View */,
				A0D580822B64076500CE80AE /* ViewModel */,
				A0D580812B64066600CE80AE /* Model */,
				A0D580732B64063700CE80AE /* GitHubSearchAppInSwiftUIApp.swift */,
				A0D580772B64063C00CE80AE /* Assets.xcassets */,
				A0D580792B64063C00CE80AE /* Preview Content */,
			);
			path = GitHubSearchAppInSwiftUI;
			sourceTree = "<group>";
		};
		A0D580792B64063C00CE80AE /* Preview Content */ = {
			isa = PBXGroup;
			children = (
				A0D5807A2B64063C00CE80AE /* Preview Assets.xcassets */,
			);
			path = "Preview Content";
			sourceTree = "<group>";
		};
		A0D580812B64066600CE80AE /* Model */ = {
			isa = PBXGroup;
			children = (
				A0D580922B643AD600CE80AE /* Model.swift */,
			);
			path = Model;
			sourceTree = "<group>";
		};
		A0D580822B64076500CE80AE /* ViewModel */ = {
			isa = PBXGroup;
			children = (
				A0D580862B640FB100CE80AE /* KeresesViewModel.swift */,
				A0D580882B640FC900CE80AE /* ReszletezesViewModel.swift */,
			);
			path = ViewModel;
			sourceTree = "<group>";
		};
		A0D580842B64089500CE80AE /* View */ = {
			isa = PBXGroup;
			children = (
				A0D5808D2B64239C00CE80AE /* ReszletezesViewElemek */,
				A0D5808C2B64238300CE80AE /* KeresesViewElemek */,
				A0D580752B64063700CE80AE /* KeresesView.swift */,
				A0D5808A2B64237500CE80AE /* ReszletezesView.swift */,
			);
			path = View;
			sourceTree = "<group>";
		};
		A0D5808C2B64238300CE80AE /* KeresesViewElemek */ = {
			isa = PBXGroup;
			children = (
				A0D5808E2B6434F400CE80AE /* ListaElemView.swift */,
				A0D580902B6435A000CE80AE /* KeresoMezo.swift */,
				A0CFC6072B6523C7002A57E0 /* TalalatiLista.swift */,
			);
			path = KeresesViewElemek;
			sourceTree = "<group>";
		};
		A0D5808D2B64239C00CE80AE /* ReszletezesViewElemek */ = {
			isa = PBXGroup;
			children = (
				A0CFC60D2B654820002A57E0 /* OwnerAvatar.swift */,
				A0CFC60F2B6548C7002A57E0 /* Description.swift */,
				A0CFC6112B65493C002A57E0 /* DatumCsillagFork.swift */,
			);
			path = ReszletezesViewElemek;
			sourceTree = "<group>";
		};
/* End PBXGroup section */

/* Begin PBXNativeTarget section */
		A0D5806F2B64063700CE80AE /* GitHubSearchAppInSwiftUI */ = {
			isa = PBXNativeTarget;
			buildConfigurationList = A0D5807E2B64063C00CE80AE /* Build configuration list for PBXNativeTarget "GitHubSearchAppInSwiftUI" */;
			buildPhases = (
				A0D5806C2B64063700CE80AE /* Sources */,
				A0D5806D2B64063700CE80AE /* Frameworks */,
				A0D5806E2B64063700CE80AE /* Resources */,
			);
			buildRules = (
			);
			dependencies = (
			);
			name = GitHubSearchAppInSwiftUI;
			productName = GitHubSearchAppInSwiftUI;
			productReference = A0D580702B64063700CE80AE /* GitHubSearchAppInSwiftUI.app */;
			productType = "com.apple.product-type.application";
		};
/* End PBXNativeTarget section */

/* Begin PBXProject section */
		A0D580682B64063700CE80AE /* Project object */ = {
			isa = PBXProject;
			attributes = {
				BuildIndependentTargetsInParallel = 1;
				LastSwiftUpdateCheck = 1420;
				LastUpgradeCheck = 1420;
				TargetAttributes = {
					A0D5806F2B64063700CE80AE = {
						CreatedOnToolsVersion = 14.2;
					};
				};
			};
			buildConfigurationList = A0D5806B2B64063700CE80AE /* Build configuration list for PBXProject "GitHubSearchAppInSwiftUI" */;
			compatibilityVersion = "Xcode 14.0";
			developmentRegion = en;
			hasScannedForEncodings = 0;
			knownRegions = (
				en,
				Base,
			);
			mainGroup = A0D580672B64063700CE80AE;
			productRefGroup = A0D580712B64063700CE80AE /* Products */;
			projectDirPath = "";
			projectRoot = "";
			targets = (
				A0D5806F2B64063700CE80AE /* GitHubSearchAppInSwiftUI */,
			);
		};
/* End PBXProject section */

/* Begin PBXResourcesBuildPhase section */
		A0D5806E2B64063700CE80AE /* Resources */ = {
			isa = PBXResourcesBuildPhase;
			buildActionMask = 2147483647;
			files = (
				A0D5807B2B64063C00CE80AE /* Preview Assets.xcassets in Resources */,
				A0D580782B64063C00CE80AE /* Assets.xcassets in Resources */,
			);
			runOnlyForDeploymentPostprocessing = 0;
		};
/* End PBXResourcesBuildPhase section */

/* Begin PBXSourcesBuildPhase section */
		A0D5806C2B64063700CE80AE /* Sources */ = {
			isa = PBXSourcesBuildPhase;
			buildActionMask = 2147483647;
			files = (
				A0D580912B6435A000CE80AE /* KeresoMezo.swift in Sources */,
				A0D580762B64063700CE80AE /* KeresesView.swift in Sources */,
				A0D580742B64063700CE80AE /* GitHubSearchAppInSwiftUIApp.swift in Sources */,
				A0D5808F2B6434F400CE80AE /* ListaElemView.swift in Sources */,
				A0D580872B640FB100CE80AE /* KeresesViewModel.swift in Sources */,
				A0D5808B2B64237500CE80AE /* ReszletezesView.swift in Sources */,
				A0CFC6102B6548C7002A57E0 /* Description.swift in Sources */,
				A0CFC60E2B654820002A57E0 /* OwnerAvatar.swift in Sources */,
				A0D580892B640FC900CE80AE /* ReszletezesViewModel.swift in Sources */,
				A0CFC6082B6523C7002A57E0 /* TalalatiLista.swift in Sources */,
				A0D580932B643AD600CE80AE /* Model.swift in Sources */,
				A0CFC6122B65493C002A57E0 /* DatumCsillagFork.swift in Sources */,
				A0CFC6042B64E84D002A57E0 /* WebServiceManager.swift in Sources */,
				A0CFC60C2B653402002A57E0 /* datumAtalakitva.swift in Sources */,
			);
			runOnlyForDeploymentPostprocessing = 0;
		};
/* End PBXSourcesBuildPhase section */

/* Begin XCBuildConfiguration section */
		A0D5807C2B64063C00CE80AE /* Debug */ = {
			isa = XCBuildConfiguration;
			buildSettings = {
				ALWAYS_SEARCH_USER_PATHS = NO;
				CLANG_ANALYZER_NONNULL = YES;
				CLANG_ANALYZER_NUMBER_OBJECT_CONVERSION = YES_AGGRESSIVE;
				CLANG_CXX_LANGUAGE_STANDARD = "gnu++20";
				CLANG_ENABLE_MODULES = YES;
				CLANG_ENABLE_OBJC_ARC = YES;
				CLANG_ENABLE_OBJC_WEAK = YES;
				CLANG_WARN_BLOCK_CAPTURE_AUTORELEASING = YES;
				CLANG_WARN_BOOL_CONVERSION = YES;
				CLANG_WARN_COMMA = YES;
				CLANG_WARN_CONSTANT_CONVERSION = YES;
				CLANG_WARN_DEPRECATED_OBJC_IMPLEMENTATIONS = YES;
				CLANG_WARN_DIRECT_OBJC_ISA_USAGE = YES_ERROR;
				CLANG_WARN_DOCUMENTATION_COMMENTS = YES;
				CLANG_WARN_EMPTY_BODY = YES;
				CLANG_WARN_ENUM_CONVERSION = YES;
				CLANG_WARN_INFINITE_RECURSION = YES;
				CLANG_WARN_INT_CONVERSION = YES;
				CLANG_WARN_NON_LITERAL_NULL_CONVERSION = YES;
				CLANG_WARN_OBJC_IMPLICIT_RETAIN_SELF = YES;
				CLANG_WARN_OBJC_LITERAL_CONVERSION = YES;
				CLANG_WARN_OBJC_ROOT_CLASS = YES_ERROR;
				CLANG_WARN_QUOTED_INCLUDE_IN_FRAMEWORK_HEADER = YES;
				CLANG_WARN_RANGE_LOOP_ANALYSIS = YES;
				CLANG_WARN_STRICT_PROTOTYPES = YES;
				CLANG_WARN_SUSPICIOUS_MOVE = YES;
				CLANG_WARN_UNGUARDED_AVAILABILITY = YES_AGGRESSIVE;
				CLANG_WARN_UNREACHABLE_CODE = YES;
				CLANG_WARN__DUPLICATE_METHOD_MATCH = YES;
				COPY_PHASE_STRIP = NO;
				DEBUG_INFORMATION_FORMAT = dwarf;
				ENABLE_STRICT_OBJC_MSGSEND = YES;
				ENABLE_TESTABILITY = YES;
				GCC_C_LANGUAGE_STANDARD = gnu11;
				GCC_DYNAMIC_NO_PIC = NO;
				GCC_NO_COMMON_BLOCKS = YES;
				GCC_OPTIMIZATION_LEVEL = 0;
				GCC_PREPROCESSOR_DEFINITIONS = (
					"DEBUG=1",
					"$(inherited)",
				);
				GCC_WARN_64_TO_32_BIT_CONVERSION = YES;
				GCC_WARN_ABOUT_RETURN_TYPE = YES_ERROR;
				GCC_WARN_UNDECLARED_SELECTOR = YES;
				GCC_WARN_UNINITIALIZED_AUTOS = YES_AGGRESSIVE;
				GCC_WARN_UNUSED_FUNCTION = YES;
				GCC_WARN_UNUSED_VARIABLE = YES;
				IPHONEOS_DEPLOYMENT_TARGET = 16.2;
				MTL_ENABLE_DEBUG_INFO = INCLUDE_SOURCE;
				MTL_FAST_MATH = YES;
				ONLY_ACTIVE_ARCH = YES;
				SDKROOT = iphoneos;
				SWIFT_ACTIVE_COMPILATION_CONDITIONS = DEBUG;
				SWIFT_OPTIMIZATION_LEVEL = "-Onone";
			};
			name = Debug;
		};
		A0D5807D2B64063C00CE80AE /* Release */ = {
			isa = XCBuildConfiguration;
			buildSettings = {
				ALWAYS_SEARCH_USER_PATHS = NO;
				CLANG_ANALYZER_NONNULL = YES;
				CLANG_ANALYZER_NUMBER_OBJECT_CONVERSION = YES_AGGRESSIVE;
				CLANG_CXX_LANGUAGE_STANDARD = "gnu++20";
				CLANG_ENABLE_MODULES = YES;
				CLANG_ENABLE_OBJC_ARC = YES;
				CLANG_ENABLE_OBJC_WEAK = YES;
				CLANG_WARN_BLOCK_CAPTURE_AUTORELEASING = YES;
				CLANG_WARN_BOOL_CONVERSION = YES;
				CLANG_WARN_COMMA = YES;
				CLANG_WARN_CONSTANT_CONVERSION = YES;
				CLANG_WARN_DEPRECATED_OBJC_IMPLEMENTATIONS = YES;
				CLANG_WARN_DIRECT_OBJC_ISA_USAGE = YES_ERROR;
				CLANG_WARN_DOCUMENTATION_COMMENTS = YES;
				CLANG_WARN_EMPTY_BODY = YES;
				CLANG_WARN_ENUM_CONVERSION = YES;
				CLANG_WARN_INFINITE_RECURSION = YES;
				CLANG_WARN_INT_CONVERSION = YES;
				CLANG_WARN_NON_LITERAL_NULL_CONVERSION = YES;
				CLANG_WARN_OBJC_IMPLICIT_RETAIN_SELF = YES;
				CLANG_WARN_OBJC_LITERAL_CONVERSION = YES;
				CLANG_WARN_OBJC_ROOT_CLASS = YES_ERROR;
				CLANG_WARN_QUOTED_INCLUDE_IN_FRAMEWORK_HEADER = YES;
				CLANG_WARN_RANGE_LOOP_ANALYSIS = YES;
				CLANG_WARN_STRICT_PROTOTYPES = YES;
				CLANG_WARN_SUSPICIOUS_MOVE = YES;
				CLANG_WARN_UNGUARDED_AVAILABILITY = YES_AGGRESSIVE;
				CLANG_WARN_UNREACHABLE_CODE = YES;
				CLANG_WARN__DUPLICATE_METHOD_MATCH = YES;
				COPY_PHASE_STRIP = NO;
				DEBUG_INFORMATION_FORMAT = "dwarf-with-dsym";
				ENABLE_NS_ASSERTIONS = NO;
				ENABLE_STRICT_OBJC_MSGSEND = YES;
				GCC_C_LANGUAGE_STANDARD = gnu11;
				GCC_NO_COMMON_BLOCKS = YES;
				GCC_WARN_64_TO_32_BIT_CONVERSION = YES;
				GCC_WARN_ABOUT_RETURN_TYPE = YES_ERROR;
				GCC_WARN_UNDECLARED_SELECTOR = YES;
				GCC_WARN_UNINITIALIZED_AUTOS = YES_AGGRESSIVE;
				GCC_WARN_UNUSED_FUNCTION = YES;
				GCC_WARN_UNUSED_VARIABLE = YES;
				IPHONEOS_DEPLOYMENT_TARGET = 16.2;
				MTL_ENABLE_DEBUG_INFO = NO;
				MTL_FAST_MATH = YES;
				SDKROOT = iphoneos;
				SWIFT_COMPILATION_MODE = wholemodule;
				SWIFT_OPTIMIZATION_LEVEL = "-O";
				VALIDATE_PRODUCT = YES;
			};
			name = Release;
		};
		A0D5807F2B64063C00CE80AE /* Debug */ = {
			isa = XCBuildConfiguration;
			buildSettings = {
				ASSETCATALOG_COMPILER_APPICON_NAME = AppIcon;
				ASSETCATALOG_COMPILER_GLOBAL_ACCENT_COLOR_NAME = AccentColor;
				CODE_SIGN_STYLE = Automatic;
				CURRENT_PROJECT_VERSION = 1;
				DEVELOPMENT_ASSET_PATHS = "\"GitHubSearchAppInSwiftUI/Preview Content\"";
				DEVELOPMENT_TEAM = J3M2MH2F7X;
				ENABLE_PREVIEWS = YES;
				GENERATE_INFOPLIST_FILE = YES;
				INFOPLIST_KEY_UIApplicationSceneManifest_Generation = YES;
				INFOPLIST_KEY_UIApplicationSupportsIndirectInputEvents = YES;
				INFOPLIST_KEY_UILaunchScreen_Generation = YES;
				INFOPLIST_KEY_UISupportedInterfaceOrientations_iPad = "UIInterfaceOrientationPortrait UIInterfaceOrientationPortraitUpsideDown UIInterfaceOrientationLandscapeLeft UIInterfaceOrientationLandscapeRight";
				INFOPLIST_KEY_UISupportedInterfaceOrientations_iPhone = "UIInterfaceOrientationPortrait UIInterfaceOrientationLandscapeLeft UIInterfaceOrientationLandscapeRight";
				LD_RUNPATH_SEARCH_PATHS = (
					"$(inherited)",
					"@executable_path/Frameworks",
				);
				MARKETING_VERSION = 1.0;
				PRODUCT_BUNDLE_IDENTIFIER = "Istvan-Akos-Sudar.GitHubSearchAppInSwiftUI";
				PRODUCT_NAME = "$(TARGET_NAME)";
				SWIFT_EMIT_LOC_STRINGS = YES;
				SWIFT_VERSION = 5.0;
				TARGETED_DEVICE_FAMILY = "1,2";
			};
			name = Debug;
		};
		A0D580802B64063C00CE80AE /* Release */ = {
			isa = XCBuildConfiguration;
			buildSettings = {
				ASSETCATALOG_COMPILER_APPICON_NAME = AppIcon;
				ASSETCATALOG_COMPILER_GLOBAL_ACCENT_COLOR_NAME = AccentColor;
				CODE_SIGN_STYLE = Automatic;
				CURRENT_PROJECT_VERSION = 1;
				DEVELOPMENT_ASSET_PATHS = "\"GitHubSearchAppInSwiftUI/Preview Content\"";
				DEVELOPMENT_TEAM = J3M2MH2F7X;
				ENABLE_PREVIEWS = YES;
				GENERATE_INFOPLIST_FILE = YES;
				INFOPLIST_KEY_UIApplicationSceneManifest_Generation = YES;
				INFOPLIST_KEY_UIApplicationSupportsIndirectInputEvents = YES;
				INFOPLIST_KEY_UILaunchScreen_Generation = YES;
				INFOPLIST_KEY_UISupportedInterfaceOrientations_iPad = "UIInterfaceOrientationPortrait UIInterfaceOrientationPortraitUpsideDown UIInterfaceOrientationLandscapeLeft UIInterfaceOrientationLandscapeRight";
				INFOPLIST_KEY_UISupportedInterfaceOrientations_iPhone = "UIInterfaceOrientationPortrait UIInterfaceOrientationLandscapeLeft UIInterfaceOrientationLandscapeRight";
				LD_RUNPATH_SEARCH_PATHS = (
					"$(inherited)",
					"@executable_path/Frameworks",
				);
				MARKETING_VERSION = 1.0;
				PRODUCT_BUNDLE_IDENTIFIER = "Istvan-Akos-Sudar.GitHubSearchAppInSwiftUI";
				PRODUCT_NAME = "$(TARGET_NAME)";
				SWIFT_EMIT_LOC_STRINGS = YES;
				SWIFT_VERSION = 5.0;
				TARGETED_DEVICE_FAMILY = "1,2";
			};
			name = Release;
		};
/* End XCBuildConfiguration section */

/* Begin XCConfigurationList section */
		A0D5806B2B64063700CE80AE /* Build configuration list for PBXProject "GitHubSearchAppInSwiftUI" */ = {
			isa = XCConfigurationList;
			buildConfigurations = (
				A0D5807C2B64063C00CE80AE /* Debug */,
				A0D5807D2B64063C00CE80AE /* Release */,
			);
			defaultConfigurationIsVisible = 0;
			defaultConfigurationName = Release;
		};
		A0D5807E2B64063C00CE80AE /* Build configuration list for PBXNativeTarget "GitHubSearchAppInSwiftUI" */ = {
			isa = XCConfigurationList;
			buildConfigurations = (
				A0D5807F2B64063C00CE80AE /* Debug */,
				A0D580802B64063C00CE80AE /* Release */,
			);
			defaultConfigurationIsVisible = 0;
			defaultConfigurationName = Release;
		};
/* End XCConfigurationList section */
	};
	rootObject = A0D580682B64063700CE80AE /* Project object */;
}
